
Microsoft Visual Studio Solution File, Format Version 12.00
# Visual Studio 15
Project("{FAE04EC0-301F-11D3-BF4B-00C04F79EFBC}") = "Lesson09.Android", "Lesson09.Android\Lesson09.Android.csproj", "{7609F7D0-8BC5-42AC-8147-E0E713548D5E}"
EndProject
Project("{FAE04EC0-301F-11D3-BF4B-00C04F79EFBC}") = "Lesson09.iOS", "Lesson09.iOS\Lesson09.iOS.csproj", "{139F3217-EE09-41DD-B1BD-BC184F53BD43}"
EndProject
Project("{D954291E-2A0B-460D-934E-DC6B0785DB48}") = "Lesson09", "Lesson09\Lesson09.shproj", "{7C3A3B3E-26F9-4395-8DC8-BD8B97D873FC}"
EndProject
Global
	GlobalSection(SolutionConfigurationPlatforms) = preSolution
		Debug|Any CPU = Debug|Any CPU
		Release|Any CPU = Release|Any CPU
		Debug|iPhoneSimulator = Debug|iPhoneSimulator
		Release|iPhoneSimulator = Release|iPhoneSimulator
		Debug|iPhone = Debug|iPhone
		Release|iPhone = Release|iPhone
		Ad-Hoc|iPhone = Ad-Hoc|iPhone
		AppStore|iPhone = AppStore|iPhone
	EndGlobalSection
	GlobalSection(ProjectConfigurationPlatforms) = postSolution
		{7609F7D0-8BC5-42AC-8147-E0E713548D5E}.Debug|Any CPU.ActiveCfg = Debug|Any CPU
		{7609F7D0-8BC5-42AC-8147-E0E713548D5E}.Debug|Any CPU.Build.0 = Debug|Any CPU
		{7609F7D0-8BC5-42AC-8147-E0E713548D5E}.Release|Any CPU.ActiveCfg = Release|Any CPU
		{7609F7D0-8BC5-42AC-8147-E0E713548D5E}.Release|Any CPU.Build.0 = Release|Any CPU
		{7609F7D0-8BC5-42AC-8147-E0E713548D5E}.Debug|iPhoneSimulator.ActiveCfg = Debug|Any CPU
		{7609F7D0-8BC5-42AC-8147-E0E713548D5E}.Debug|iPhoneSimulator.Build.0 = Debug|Any CPU
		{7609F7D0-8BC5-42AC-8147-E0E713548D5E}.Release|iPhoneSimulator.ActiveCfg = Release|Any CPU
		{7609F7D0-8BC5-42AC-8147-E0E713548D5E}.Release|iPhoneSimulator.Build.0 = Release|Any CPU
		{7609F7D0-8BC5-42AC-8147-E0E713548D5E}.Debug|iPhone.ActiveCfg = Debug|Any CPU
		{7609F7D0-8BC5-42AC-8147-E0E713548D5E}.Debug|iPhone.Build.0 = Debug|Any CPU
		{7609F7D0-8BC5-42AC-8147-E0E713548D5E}.Release|iPhone.ActiveCfg = Release|Any CPU
		{7609F7D0-8BC5-42AC-8147-E0E713548D5E}.Release|iPhone.Build.0 = Release|Any CPU
		{7609F7D0-8BC5-42AC-8147-E0E713548D5E}.Ad-Hoc|iPhone.ActiveCfg = Debug|Any CPU
		{7609F7D0-8BC5-42AC-8147-E0E713548D5E}.Ad-Hoc|iPhone.Build.0 = Debug|Any CPU
		{7609F7D0-8BC5-42AC-8147-E0E713548D5E}.AppStore|iPhone.ActiveCfg = Debug|Any CPU
		{7609F7D0-8BC5-42AC-8147-E0E713548D5E}.AppStore|iPhone.Build.0 = Debug|Any CPU
		{139F3217-EE09-41DD-B1BD-BC184F53BD43}.Debug|Any CPU.ActiveCfg = Debug|iPhoneSimulator
		{139F3217-EE09-41DD-B1BD-BC184F53BD43}.Debug|Any CPU.Build.0 = Debug|iPhoneSimulator
		{139F3217-EE09-41DD-B1BD-BC184F53BD43}.Release|Any CPU.ActiveCfg = Release|iPhoneSimulator
		{139F3217-EE09-41DD-B1BD-BC184F53BD43}.Release|Any CPU.Build.0 = Release|iPhoneSimulator
		{139F3217-EE09-41DD-B1BD-BC184F53BD43}.Debug|iPhoneSimulator.ActiveCfg = Debug|iPhoneSimulator
		{139F3217-EE09-41DD-B1BD-BC184F53BD43}.Debug|iPhoneSimulator.Build.0 = Debug|iPhoneSimulator
		{139F3217-EE09-41DD-B1BD-BC184F53BD43}.Release|iPhoneSimulator.ActiveCfg = Release|iPhoneSimulator
		{139F3217-EE09-41DD-B1BD-BC184F53BD43}.Release|iPhoneSimulator.Build.0 = Release|iPhoneSimulator
		{139F3217-EE09-41DD-B1BD-BC184F53BD43}.Debug|iPhone.ActiveCfg = Debug|iPhone
		{139F3217-EE09-41DD-B1BD-BC184F53BD43}.Debug|iPhone.Build.0 = Debug|iPhone
		{139F3217-EE09-41DD-B1BD-BC184F53BD43}.Release|iPhone.ActiveCfg = Release|iPhone
		{139F3217-EE09-41DD-B1BD-BC184F53BD43}.Release|iPhone.Build.0 = Release|iPhone
		{139F3217-EE09-41DD-B1BD-BC184F53BD43}.Ad-Hoc|iPhone.ActiveCfg = Ad-Hoc|iPhone
		{139F3217-EE09-41DD-B1BD-BC184F53BD43}.Ad-Hoc|iPhone.Build.0 = Ad-Hoc|iPhone
		{139F3217-EE09-41DD-B1BD-BC184F53BD43}.AppStore|iPhone.ActiveCfg = AppStore|iPhone
		{139F3217-EE09-41DD-B1BD-BC184F53BD43}.AppStore|iPhone.Build.0 = AppStore|iPhone
	EndGlobalSection
EndGlobal
