
Microsoft Visual Studio Solution File, Format Version 12.00
# Visual Studio 15
Project("{FAE04EC0-301F-11D3-BF4B-00C04F79EFBC}") = "AwesomeApp.Android", "AwesomeApp.Android\AwesomeApp.Android.csproj", "{ABF648A5-A543-433F-A071-6C9EBB4872ED}"
EndProject
Project("{FAE04EC0-301F-11D3-BF4B-00C04F79EFBC}") = "AwesomeApp.iOS", "AwesomeApp.iOS\AwesomeApp.iOS.csproj", "{4A343E82-DCE5-4C93-B0CB-7A5EBE3A57D0}"
EndProject
Project("{D954291E-2A0B-460D-934E-DC6B0785DB48}") = "AwesomeApp", "AwesomeApp\AwesomeApp.shproj", "{928EDAAA-F659-4E46-95A5-767792E3EC69}"
EndProject
Global
	GlobalSection(SolutionConfigurationPlatforms) = preSolution
		Debug|Any CPU = Debug|Any CPU
		Release|Any CPU = Release|Any CPU
		Debug|iPhoneSimulator = Debug|iPhoneSimulator
		Release|iPhoneSimulator = Release|iPhoneSimulator
		Debug|iPhone = Debug|iPhone
		Release|iPhone = Release|iPhone
		Ad-Hoc|iPhone = Ad-Hoc|iPhone
		AppStore|iPhone = AppStore|iPhone
	EndGlobalSection
	GlobalSection(ProjectConfigurationPlatforms) = postSolution
		{ABF648A5-A543-433F-A071-6C9EBB4872ED}.Debug|Any CPU.ActiveCfg = Debug|Any CPU
		{ABF648A5-A543-433F-A071-6C9EBB4872ED}.Debug|Any CPU.Build.0 = Debug|Any CPU
		{ABF648A5-A543-433F-A071-6C9EBB4872ED}.Release|Any CPU.ActiveCfg = Release|Any CPU
		{ABF648A5-A543-433F-A071-6C9EBB4872ED}.Release|Any CPU.Build.0 = Release|Any CPU
		{ABF648A5-A543-433F-A071-6C9EBB4872ED}.Debug|iPhoneSimulator.ActiveCfg = Debug|Any CPU
		{ABF648A5-A543-433F-A071-6C9EBB4872ED}.Debug|iPhoneSimulator.Build.0 = Debug|Any CPU
		{ABF648A5-A543-433F-A071-6C9EBB4872ED}.Release|iPhoneSimulator.ActiveCfg = Release|Any CPU
		{ABF648A5-A543-433F-A071-6C9EBB4872ED}.Release|iPhoneSimulator.Build.0 = Release|Any CPU
		{ABF648A5-A543-433F-A071-6C9EBB4872ED}.Debug|iPhone.ActiveCfg = Debug|Any CPU
		{ABF648A5-A543-433F-A071-6C9EBB4872ED}.Debug|iPhone.Build.0 = Debug|Any CPU
		{ABF648A5-A543-433F-A071-6C9EBB4872ED}.Release|iPhone.ActiveCfg = Release|Any CPU
		{ABF648A5-A543-433F-A071-6C9EBB4872ED}.Release|iPhone.Build.0 = Release|Any CPU
		{ABF648A5-A543-433F-A071-6C9EBB4872ED}.Ad-Hoc|iPhone.ActiveCfg = Debug|Any CPU
		{ABF648A5-A543-433F-A071-6C9EBB4872ED}.Ad-Hoc|iPhone.Build.0 = Debug|Any CPU
		{ABF648A5-A543-433F-A071-6C9EBB4872ED}.AppStore|iPhone.ActiveCfg = Debug|Any CPU
		{ABF648A5-A543-433F-A071-6C9EBB4872ED}.AppStore|iPhone.Build.0 = Debug|Any CPU
		{4A343E82-DCE5-4C93-B0CB-7A5EBE3A57D0}.Debug|Any CPU.ActiveCfg = Debug|iPhoneSimulator
		{4A343E82-DCE5-4C93-B0CB-7A5EBE3A57D0}.Debug|Any CPU.Build.0 = Debug|iPhoneSimulator
		{4A343E82-DCE5-4C93-B0CB-7A5EBE3A57D0}.Release|Any CPU.ActiveCfg = Release|iPhoneSimulator
		{4A343E82-DCE5-4C93-B0CB-7A5EBE3A57D0}.Release|Any CPU.Build.0 = Release|iPhoneSimulator
		{4A343E82-DCE5-4C93-B0CB-7A5EBE3A57D0}.Debug|iPhoneSimulator.ActiveCfg = Debug|iPhoneSimulator
		{4A343E82-DCE5-4C93-B0CB-7A5EBE3A57D0}.Debug|iPhoneSimulator.Build.0 = Debug|iPhoneSimulator
		{4A343E82-DCE5-4C93-B0CB-7A5EBE3A57D0}.Release|iPhoneSimulator.ActiveCfg = Release|iPhoneSimulator
		{4A343E82-DCE5-4C93-B0CB-7A5EBE3A57D0}.Release|iPhoneSimulator.Build.0 = Release|iPhoneSimulator
		{4A343E82-DCE5-4C93-B0CB-7A5EBE3A57D0}.Debug|iPhone.ActiveCfg = Debug|iPhone
		{4A343E82-DCE5-4C93-B0CB-7A5EBE3A57D0}.Debug|iPhone.Build.0 = Debug|iPhone
		{4A343E82-DCE5-4C93-B0CB-7A5EBE3A57D0}.Release|iPhone.ActiveCfg = Release|iPhone
		{4A343E82-DCE5-4C93-B0CB-7A5EBE3A57D0}.Release|iPhone.Build.0 = Release|iPhone
		{4A343E82-DCE5-4C93-B0CB-7A5EBE3A57D0}.Ad-Hoc|iPhone.ActiveCfg = Ad-Hoc|iPhone
		{4A343E82-DCE5-4C93-B0CB-7A5EBE3A57D0}.Ad-Hoc|iPhone.Build.0 = Ad-Hoc|iPhone
		{4A343E82-DCE5-4C93-B0CB-7A5EBE3A57D0}.AppStore|iPhone.ActiveCfg = AppStore|iPhone
		{4A343E82-DCE5-4C93-B0CB-7A5EBE3A57D0}.AppStore|iPhone.Build.0 = AppStore|iPhone
	EndGlobalSection
EndGlobal
